
Microsoft Visual Studio Solution File, Format Version 12.00
# Visual Studio Version 16
VisualStudioVersion = 16.0.30413.136
MinimumVisualStudioVersion = 10.0.40219.1
Project("{FAE04EC0-301F-11D3-BF4B-00C04F79EFBC}") = "PS223020Server", "PS223020Server\PS223020Server.csproj", "{18EF114C-EB1D-49DE-9065-84F542E7842C}"
EndProject
Project("{2150E333-8FDC-42A3-9474-1A3956D46DE8}") = "Api", "Api", "{16204870-DDFA-4441-83D8-C02607921787}"
EndProject
Project("{2150E333-8FDC-42A3-9474-1A3956D46DE8}") = "BusinessLogic", "BusinessLogic", "{AD2E156E-2A06-4935-AE86-A05BA9FACCC0}"
EndProject
Project("{2150E333-8FDC-42A3-9474-1A3956D46DE8}") = "DataAccess", "DataAccess", "{79266332-17B1-4439-9913-B7C9D4D7A62E}"
EndProject
Project("{2150E333-8FDC-42A3-9474-1A3956D46DE8}") = "Shared", "Shared", "{BF0F152C-3E41-44E9-8469-52144CF2465A}"
EndProject
Project("{FAE04EC0-301F-11D3-BF4B-00C04F79EFBC}") = "PS223020Server.Core", "PS223020Server.Core\PS223020Server.Core.csproj", "{AF491B41-BF37-41C9-A74D-06EA151915F5}"
EndProject
Project("{FAE04EC0-301F-11D3-BF4B-00C04F79EFBC}") = "PS223020Server.BusinessLogic", "PS223020Server.BusinessLogic\PS223020Server.BusinessLogic.csproj", "{C555B1D9-90E5-4555-811C-31C1C63B2187}"
EndProject
Project("{FAE04EC0-301F-11D3-BF4B-00C04F79EFBC}") = "PS223020Server.BusinessLogic.Core", "PS223020Server.BusinessLogic.Core\PS223020Server.BusinessLogic.Core.csproj", "{A7908E6A-E930-499B-AA00-2573B528547A}"
EndProject
Project("{FAE04EC0-301F-11D3-BF4B-00C04F79EFBC}") = "PS223020Server.DataAccess", "PS223020Server.DataAccess\PS223020Server.DataAccess.csproj", "{02003B30-D3A1-4C71-AFB8-12F19CB39D63}"
EndProject
Project("{FAE04EC0-301F-11D3-BF4B-00C04F79EFBC}") = "PS223020Server.DataAccess.Core", "PS223020Server.DataAccess.Core\PS223020Server.DataAccess.Core.csproj", "{4EA17654-9386-4E2E-AC71-80D41A104556}"
EndProject
Project("{FAE04EC0-301F-11D3-BF4B-00C04F79EFBC}") = "Share", "Share\Share.csproj", "{D11A0BB0-1A33-406E-89B7-86E7F2CCEB82}"
EndProject
Global
	GlobalSection(SolutionConfigurationPlatforms) = preSolution
		Debug|Any CPU = Debug|Any CPU
		Release|Any CPU = Release|Any CPU
	EndGlobalSection
	GlobalSection(ProjectConfigurationPlatforms) = postSolution
		{18EF114C-EB1D-49DE-9065-84F542E7842C}.Debug|Any CPU.ActiveCfg = Debug|Any CPU
		{18EF114C-EB1D-49DE-9065-84F542E7842C}.Debug|Any CPU.Build.0 = Debug|Any CPU
		{18EF114C-EB1D-49DE-9065-84F542E7842C}.Release|Any CPU.ActiveCfg = Release|Any CPU
		{18EF114C-EB1D-49DE-9065-84F542E7842C}.Release|Any CPU.Build.0 = Release|Any CPU
		{AF491B41-BF37-41C9-A74D-06EA151915F5}.Debug|Any CPU.ActiveCfg = Debug|Any CPU
		{AF491B41-BF37-41C9-A74D-06EA151915F5}.Debug|Any CPU.Build.0 = Debug|Any CPU
		{AF491B41-BF37-41C9-A74D-06EA151915F5}.Release|Any CPU.ActiveCfg = Release|Any CPU
		{AF491B41-BF37-41C9-A74D-06EA151915F5}.Release|Any CPU.Build.0 = Release|Any CPU
		{C555B1D9-90E5-4555-811C-31C1C63B2187}.Debug|Any CPU.ActiveCfg = Debug|Any CPU
		{C555B1D9-90E5-4555-811C-31C1C63B2187}.Debug|Any CPU.Build.0 = Debug|Any CPU
		{C555B1D9-90E5-4555-811C-31C1C63B2187}.Release|Any CPU.ActiveCfg = Release|Any CPU
		{C555B1D9-90E5-4555-811C-31C1C63B2187}.Release|Any CPU.Build.0 = Release|Any CPU
		{A7908E6A-E930-499B-AA00-2573B528547A}.Debug|Any CPU.ActiveCfg = Debug|Any CPU
		{A7908E6A-E930-499B-AA00-2573B528547A}.Debug|Any CPU.Build.0 = Debug|Any CPU
		{A7908E6A-E930-499B-AA00-2573B528547A}.Release|Any CPU.ActiveCfg = Release|Any CPU
		{A7908E6A-E930-499B-AA00-2573B528547A}.Release|Any CPU.Build.0 = Release|Any CPU
		{02003B30-D3A1-4C71-AFB8-12F19CB39D63}.Debug|Any CPU.ActiveCfg = Debug|Any CPU
		{02003B30-D3A1-4C71-AFB8-12F19CB39D63}.Debug|Any CPU.Build.0 = Debug|Any CPU
		{02003B30-D3A1-4C71-AFB8-12F19CB39D63}.Release|Any CPU.ActiveCfg = Release|Any CPU
		{02003B30-D3A1-4C71-AFB8-12F19CB39D63}.Release|Any CPU.Build.0 = Release|Any CPU
		{4EA17654-9386-4E2E-AC71-80D41A104556}.Debug|Any CPU.ActiveCfg = Debug|Any CPU
		{4EA17654-9386-4E2E-AC71-80D41A104556}.Debug|Any CPU.Build.0 = Debug|Any CPU
		{4EA17654-9386-4E2E-AC71-80D41A104556}.Release|Any CPU.ActiveCfg = Release|Any CPU
		{4EA17654-9386-4E2E-AC71-80D41A104556}.Release|Any CPU.Build.0 = Release|Any CPU
		{D11A0BB0-1A33-406E-89B7-86E7F2CCEB82}.Debug|Any CPU.ActiveCfg = Debug|Any CPU
		{D11A0BB0-1A33-406E-89B7-86E7F2CCEB82}.Debug|Any CPU.Build.0 = Debug|Any CPU
		{D11A0BB0-1A33-406E-89B7-86E7F2CCEB82}.Release|Any CPU.ActiveCfg = Release|Any CPU
		{D11A0BB0-1A33-406E-89B7-86E7F2CCEB82}.Release|Any CPU.Build.0 = Release|Any CPU
	EndGlobalSection
	GlobalSection(SolutionProperties) = preSolution
		HideSolutionNode = FALSE
	EndGlobalSection
	GlobalSection(NestedProjects) = preSolution
		{18EF114C-EB1D-49DE-9065-84F542E7842C} = {16204870-DDFA-4441-83D8-C02607921787}
		{AF491B41-BF37-41C9-A74D-06EA151915F5} = {16204870-DDFA-4441-83D8-C02607921787}
		{C555B1D9-90E5-4555-811C-31C1C63B2187} = {AD2E156E-2A06-4935-AE86-A05BA9FACCC0}
		{A7908E6A-E930-499B-AA00-2573B528547A} = {AD2E156E-2A06-4935-AE86-A05BA9FACCC0}
		{02003B30-D3A1-4C71-AFB8-12F19CB39D63} = {79266332-17B1-4439-9913-B7C9D4D7A62E}
		{4EA17654-9386-4E2E-AC71-80D41A104556} = {79266332-17B1-4439-9913-B7C9D4D7A62E}
		{D11A0BB0-1A33-406E-89B7-86E7F2CCEB82} = {BF0F152C-3E41-44E9-8469-52144CF2465A}
	EndGlobalSection
	GlobalSection(ExtensibilityGlobals) = postSolution
		SolutionGuid = {52D20F1B-89E9-48CC-B5EA-8DBF883409A2}
	EndGlobalSection
EndGlobal
